
Microsoft Visual Studio Solution File, Format Version 12.00
# Visual Studio Version 17
VisualStudioVersion = 17.14.36121.58 d17.14
MinimumVisualStudioVersion = 10.0.40219.1
Project("{FAE04EC0-301F-11D3-BF4B-00C04F79EFBC}") = "ThisPointerApp", "ThisPointerApp\ThisPointerApp.csproj", "{C8389F28-22A9-4F42-A980-DD4B5FC5AB46}"
EndProject
Global
	GlobalSection(SolutionConfigurationPlatforms) = preSolution
		Debug|Any CPU = Debug|Any CPU
		Release|Any CPU = Release|Any CPU
	EndGlobalSection
	GlobalSection(ProjectConfigurationPlatforms) = postSolution
		{C8389F28-22A9-4F42-A980-DD4B5FC5AB46}.Debug|Any CPU.ActiveCfg = Debug|Any CPU
		{C8389F28-22A9-4F42-A980-DD4B5FC5AB46}.Debug|Any CPU.Build.0 = Debug|Any CPU
		{C8389F28-22A9-4F42-A980-DD4B5FC5AB46}.Release|Any CPU.ActiveCfg = Release|Any CPU
		{C8389F28-22A9-4F42-A980-DD4B5FC5AB46}.Release|Any CPU.Build.0 = Release|Any CPU
	EndGlobalSection
	GlobalSection(SolutionProperties) = preSolution
		HideSolutionNode = FALSE
	EndGlobalSection
	GlobalSection(ExtensibilityGlobals) = postSolution
		SolutionGuid = {72AA99D4-7187-4B21-AD51-40FEE794255E}
	EndGlobalSection
EndGlobal
